// !$*UTF8*$!
{
	archiveVersion = 1;
	classes = {
	};
	objectVersion = 56;
	objects = {

/* Begin PBXBuildFile section */
		EA26BDEA2B9322DB00A7FD01 /* ChatApplicationApp.swift in Sources */ = {isa = PBXBuildFile; fileRef = EA26BDE92B9322DB00A7FD01 /* ChatApplicationApp.swift */; };
		EA26BDEC2B9322DB00A7FD01 /* ContentView.swift in Sources */ = {isa = PBXBuildFile; fileRef = EA26BDEB2B9322DB00A7FD01 /* ContentView.swift */; };
		EA26BDEE2B9322DC00A7FD01 /* Assets.xcassets in Resources */ = {isa = PBXBuildFile; fileRef = EA26BDED2B9322DC00A7FD01 /* Assets.xcassets */; };
		EA26BDF12B9322DC00A7FD01 /* Preview Assets.xcassets in Resources */ = {isa = PBXBuildFile; fileRef = EA26BDF02B9322DC00A7FD01 /* Preview Assets.xcassets */; };
		EA26BDFB2B9322DC00A7FD01 /* ChatApplicationTests.swift in Sources */ = {isa = PBXBuildFile; fileRef = EA26BDFA2B9322DC00A7FD01 /* ChatApplicationTests.swift */; };
		EA26BE052B9322DC00A7FD01 /* ChatApplicationUITests.swift in Sources */ = {isa = PBXBuildFile; fileRef = EA26BE042B9322DC00A7FD01 /* ChatApplicationUITests.swift */; };
		EA26BE072B9322DC00A7FD01 /* ChatApplicationUITestsLaunchTests.swift in Sources */ = {isa = PBXBuildFile; fileRef = EA26BE062B9322DC00A7FD01 /* ChatApplicationUITestsLaunchTests.swift */; };
		EA26BE162B93235E00A7FD01 /* AuthenticationRepository.swift in Sources */ = {isa = PBXBuildFile; fileRef = EA26BE152B93235E00A7FD01 /* AuthenticationRepository.swift */; };
		EA26BE182B93238A00A7FD01 /* ConversationRepository.swift in Sources */ = {isa = PBXBuildFile; fileRef = EA26BE172B93238A00A7FD01 /* ConversationRepository.swift */; };
		EA26BE1B2B9323B300A7FD01 /* User.swift in Sources */ = {isa = PBXBuildFile; fileRef = EA26BE1A2B9323B300A7FD01 /* User.swift */; };
		EA26BE1D2B9323DE00A7FD01 /* Conversation.swift in Sources */ = {isa = PBXBuildFile; fileRef = EA26BE1C2B9323DE00A7FD01 /* Conversation.swift */; };
		EA5292262B95899500DC0822 /* Error.swift in Sources */ = {isa = PBXBuildFile; fileRef = EA5292252B95899500DC0822 /* Error.swift */; };
		EA684AA52B9559DE00118726 /* Mesasge.swift in Sources */ = {isa = PBXBuildFile; fileRef = EA684AA42B9559DE00118726 /* Mesasge.swift */; };
		EA684AA72B955B7E00118726 /* MessageRepository.swift in Sources */ = {isa = PBXBuildFile; fileRef = EA684AA62B955B7E00118726 /* MessageRepository.swift */; };
		EA684AAA2B95602C00118726 /* AuthenticationUseCase.swift in Sources */ = {isa = PBXBuildFile; fileRef = EA684AA92B95602C00118726 /* AuthenticationUseCase.swift */; };
		EA684AAC2B95613C00118726 /* UpdateConversationDateUseCase.swift in Sources */ = {isa = PBXBuildFile; fileRef = EA684AAB2B95613C00118726 /* UpdateConversationDateUseCase.swift */; };
		EA684AAE2B95626400118726 /* GetConversationsUserCase.swift in Sources */ = {isa = PBXBuildFile; fileRef = EA684AAD2B95626400118726 /* GetConversationsUserCase.swift */; };
		EA684AB02B9562E000118726 /* JoinConversationUseCase.swift in Sources */ = {isa = PBXBuildFile; fileRef = EA684AAF2B9562E000118726 /* JoinConversationUseCase.swift */; };
		EA684AB22B95634E00118726 /* SendMessageUseCase.swift in Sources */ = {isa = PBXBuildFile; fileRef = EA684AB12B95634E00118726 /* SendMessageUseCase.swift */; };
		EA684AB42B9564AB00118726 /* ListenMessageUseCase.swift in Sources */ = {isa = PBXBuildFile; fileRef = EA684AB32B9564AB00118726 /* ListenMessageUseCase.swift */; };
		EA684AB62B9565C500118726 /* GetMessagesUseCase.swift in Sources */ = {isa = PBXBuildFile; fileRef = EA684AB52B9565C500118726 /* GetMessagesUseCase.swift */; };
		EA684ABD2B95685700118726 /* LoginViewModel.swift in Sources */ = {isa = PBXBuildFile; fileRef = EA684ABC2B95685700118726 /* LoginViewModel.swift */; };
		EA684AC12B95689100118726 /* LoginView.swift in Sources */ = {isa = PBXBuildFile; fileRef = EA684AC02B95689100118726 /* LoginView.swift */; };
/* End PBXBuildFile section */

/* Begin PBXContainerItemProxy section */
		EA26BDF72B9322DC00A7FD01 /* PBXContainerItemProxy */ = {
			isa = PBXContainerItemProxy;
			containerPortal = EA26BDDE2B9322DB00A7FD01 /* Project object */;
			proxyType = 1;
			remoteGlobalIDString = EA26BDE52B9322DB00A7FD01;
			remoteInfo = ChatApplication;
		};
		EA26BE012B9322DC00A7FD01 /* PBXContainerItemProxy */ = {
			isa = PBXContainerItemProxy;
			containerPortal = EA26BDDE2B9322DB00A7FD01 /* Project object */;
			proxyType = 1;
			remoteGlobalIDString = EA26BDE52B9322DB00A7FD01;
			remoteInfo = ChatApplication;
		};
/* End PBXContainerItemProxy section */

/* Begin PBXFileReference section */
		EA26BDE62B9322DB00A7FD01 /* ChatApplication.app */ = {isa = PBXFileReference; explicitFileType = wrapper.application; includeInIndex = 0; path = ChatApplication.app; sourceTree = BUILT_PRODUCTS_DIR; };
		EA26BDE92B9322DB00A7FD01 /* ChatApplicationApp.swift */ = {isa = PBXFileReference; lastKnownFileType = sourcecode.swift; path = ChatApplicationApp.swift; sourceTree = "<group>"; };
		EA26BDEB2B9322DB00A7FD01 /* ContentView.swift */ = {isa = PBXFileReference; lastKnownFileType = sourcecode.swift; path = ContentView.swift; sourceTree = "<group>"; };
		EA26BDED2B9322DC00A7FD01 /* Assets.xcassets */ = {isa = PBXFileReference; lastKnownFileType = folder.assetcatalog; path = Assets.xcassets; sourceTree = "<group>"; };
		EA26BDF02B9322DC00A7FD01 /* Preview Assets.xcassets */ = {isa = PBXFileReference; lastKnownFileType = folder.assetcatalog; path = "Preview Assets.xcassets"; sourceTree = "<group>"; };
		EA26BDF62B9322DC00A7FD01 /* ChatApplicationTests.xctest */ = {isa = PBXFileReference; explicitFileType = wrapper.cfbundle; includeInIndex = 0; path = ChatApplicationTests.xctest; sourceTree = BUILT_PRODUCTS_DIR; };
		EA26BDFA2B9322DC00A7FD01 /* ChatApplicationTests.swift */ = {isa = PBXFileReference; lastKnownFileType = sourcecode.swift; path = ChatApplicationTests.swift; sourceTree = "<group>"; };
		EA26BE002B9322DC00A7FD01 /* ChatApplicationUITests.xctest */ = {isa = PBXFileReference; explicitFileType = wrapper.cfbundle; includeInIndex = 0; path = ChatApplicationUITests.xctest; sourceTree = BUILT_PRODUCTS_DIR; };
		EA26BE042B9322DC00A7FD01 /* ChatApplicationUITests.swift */ = {isa = PBXFileReference; lastKnownFileType = sourcecode.swift; path = ChatApplicationUITests.swift; sourceTree = "<group>"; };
		EA26BE062B9322DC00A7FD01 /* ChatApplicationUITestsLaunchTests.swift */ = {isa = PBXFileReference; lastKnownFileType = sourcecode.swift; path = ChatApplicationUITestsLaunchTests.swift; sourceTree = "<group>"; };
		EA26BE152B93235E00A7FD01 /* AuthenticationRepository.swift */ = {isa = PBXFileReference; lastKnownFileType = sourcecode.swift; path = AuthenticationRepository.swift; sourceTree = "<group>"; };
		EA26BE172B93238A00A7FD01 /* ConversationRepository.swift */ = {isa = PBXFileReference; lastKnownFileType = sourcecode.swift; path = ConversationRepository.swift; sourceTree = "<group>"; };
		EA26BE1A2B9323B300A7FD01 /* User.swift */ = {isa = PBXFileReference; lastKnownFileType = sourcecode.swift; path = User.swift; sourceTree = "<group>"; };
		EA26BE1C2B9323DE00A7FD01 /* Conversation.swift */ = {isa = PBXFileReference; lastKnownFileType = sourcecode.swift; path = Conversation.swift; sourceTree = "<group>"; };
		EA5292252B95899500DC0822 /* Error.swift */ = {isa = PBXFileReference; lastKnownFileType = sourcecode.swift; path = Error.swift; sourceTree = "<group>"; };
		EA684AA42B9559DE00118726 /* Mesasge.swift */ = {isa = PBXFileReference; lastKnownFileType = sourcecode.swift; path = Mesasge.swift; sourceTree = "<group>"; };
		EA684AA62B955B7E00118726 /* MessageRepository.swift */ = {isa = PBXFileReference; lastKnownFileType = sourcecode.swift; path = MessageRepository.swift; sourceTree = "<group>"; };
		EA684AA92B95602C00118726 /* AuthenticationUseCase.swift */ = {isa = PBXFileReference; lastKnownFileType = sourcecode.swift; path = AuthenticationUseCase.swift; sourceTree = "<group>"; };
		EA684AAB2B95613C00118726 /* UpdateConversationDateUseCase.swift */ = {isa = PBXFileReference; lastKnownFileType = sourcecode.swift; path = UpdateConversationDateUseCase.swift; sourceTree = "<group>"; };
		EA684AAD2B95626400118726 /* GetConversationsUserCase.swift */ = {isa = PBXFileReference; lastKnownFileType = sourcecode.swift; path = GetConversationsUserCase.swift; sourceTree = "<group>"; };
		EA684AAF2B9562E000118726 /* JoinConversationUseCase.swift */ = {isa = PBXFileReference; lastKnownFileType = sourcecode.swift; path = JoinConversationUseCase.swift; sourceTree = "<group>"; };
		EA684AB12B95634E00118726 /* SendMessageUseCase.swift */ = {isa = PBXFileReference; lastKnownFileType = sourcecode.swift; path = SendMessageUseCase.swift; sourceTree = "<group>"; };
		EA684AB32B9564AB00118726 /* ListenMessageUseCase.swift */ = {isa = PBXFileReference; lastKnownFileType = sourcecode.swift; path = ListenMessageUseCase.swift; sourceTree = "<group>"; };
		EA684AB52B9565C500118726 /* GetMessagesUseCase.swift */ = {isa = PBXFileReference; lastKnownFileType = sourcecode.swift; path = GetMessagesUseCase.swift; sourceTree = "<group>"; };
		EA684ABC2B95685700118726 /* LoginViewModel.swift */ = {isa = PBXFileReference; lastKnownFileType = sourcecode.swift; path = LoginViewModel.swift; sourceTree = "<group>"; };
		EA684AC02B95689100118726 /* LoginView.swift */ = {isa = PBXFileReference; lastKnownFileType = sourcecode.swift; path = LoginView.swift; sourceTree = "<group>"; };
/* End PBXFileReference section */

/* Begin PBXFrameworksBuildPhase section */
		EA26BDE32B9322DB00A7FD01 /* Frameworks */ = {
			isa = PBXFrameworksBuildPhase;
			buildActionMask = 2147483647;
			files = (
			);
			runOnlyForDeploymentPostprocessing = 0;
		};
		EA26BDF32B9322DC00A7FD01 /* Frameworks */ = {
			isa = PBXFrameworksBuildPhase;
			buildActionMask = 2147483647;
			files = (
			);
			runOnlyForDeploymentPostprocessing = 0;
		};
		EA26BDFD2B9322DC00A7FD01 /* Frameworks */ = {
			isa = PBXFrameworksBuildPhase;
			buildActionMask = 2147483647;
			files = (
			);
			runOnlyForDeploymentPostprocessing = 0;
		};
/* End PBXFrameworksBuildPhase section */

/* Begin PBXGroup section */
		EA26BDDD2B9322DB00A7FD01 = {
			isa = PBXGroup;
			children = (
				EA26BDE82B9322DB00A7FD01 /* ChatApplication */,
				EA26BDF92B9322DC00A7FD01 /* ChatApplicationTests */,
				EA26BE032B9322DC00A7FD01 /* ChatApplicationUITests */,
				EA26BDE72B9322DB00A7FD01 /* Products */,
			);
			sourceTree = "<group>";
		};
		EA26BDE72B9322DB00A7FD01 /* Products */ = {
			isa = PBXGroup;
			children = (
				EA26BDE62B9322DB00A7FD01 /* ChatApplication.app */,
				EA26BDF62B9322DC00A7FD01 /* ChatApplicationTests.xctest */,
				EA26BE002B9322DC00A7FD01 /* ChatApplicationUITests.xctest */,
			);
			name = Products;
			sourceTree = "<group>";
		};
		EA26BDE82B9322DB00A7FD01 /* ChatApplication */ = {
			isa = PBXGroup;
			children = (
				EA684AB82B9567E900118726 /* Presentation */,
				EA684AB72B9567D900118726 /* App */,
				EA26BE132B93233500A7FD01 /* Domain */,
				EA26BDEB2B9322DB00A7FD01 /* ContentView.swift */,
				EA26BDED2B9322DC00A7FD01 /* Assets.xcassets */,
				EA26BDEF2B9322DC00A7FD01 /* Preview Content */,
			);
			path = ChatApplication;
			sourceTree = "<group>";
		};
		EA26BDEF2B9322DC00A7FD01 /* Preview Content */ = {
			isa = PBXGroup;
			children = (
				EA26BDF02B9322DC00A7FD01 /* Preview Assets.xcassets */,
			);
			path = "Preview Content";
			sourceTree = "<group>";
		};
		EA26BDF92B9322DC00A7FD01 /* ChatApplicationTests */ = {
			isa = PBXGroup;
			children = (
				EA26BDFA2B9322DC00A7FD01 /* ChatApplicationTests.swift */,
			);
			path = ChatApplicationTests;
			sourceTree = "<group>";
		};
		EA26BE032B9322DC00A7FD01 /* ChatApplicationUITests */ = {
			isa = PBXGroup;
			children = (
				EA26BE042B9322DC00A7FD01 /* ChatApplicationUITests.swift */,
				EA26BE062B9322DC00A7FD01 /* ChatApplicationUITestsLaunchTests.swift */,
			);
			path = ChatApplicationUITests;
			sourceTree = "<group>";
		};
		EA26BE132B93233500A7FD01 /* Domain */ = {
			isa = PBXGroup;
			children = (
				EA684AA82B95600D00118726 /* UseCase */,
				EA26BE192B9323A900A7FD01 /* Model */,
				EA26BE142B93234800A7FD01 /* Repository */,
			);
			path = Domain;
			sourceTree = "<group>";
		};
		EA26BE142B93234800A7FD01 /* Repository */ = {
			isa = PBXGroup;
			children = (
				EA26BE152B93235E00A7FD01 /* AuthenticationRepository.swift */,
				EA26BE172B93238A00A7FD01 /* ConversationRepository.swift */,
				EA684AA62B955B7E00118726 /* MessageRepository.swift */,
			);
			path = Repository;
			sourceTree = "<group>";
		};
		EA26BE192B9323A900A7FD01 /* Model */ = {
			isa = PBXGroup;
			children = (
				EA26BE1A2B9323B300A7FD01 /* User.swift */,
				EA26BE1C2B9323DE00A7FD01 /* Conversation.swift */,
				EA684AA42B9559DE00118726 /* Mesasge.swift */,
				EA5292252B95899500DC0822 /* Error.swift */,
			);
			path = Model;
			sourceTree = "<group>";
		};
		EA684AA82B95600D00118726 /* UseCase */ = {
			isa = PBXGroup;
			children = (
				EA684AA92B95602C00118726 /* AuthenticationUseCase.swift */,
				EA684AAB2B95613C00118726 /* UpdateConversationDateUseCase.swift */,
				EA684AAD2B95626400118726 /* GetConversationsUserCase.swift */,
				EA684AAF2B9562E000118726 /* JoinConversationUseCase.swift */,
				EA684AB12B95634E00118726 /* SendMessageUseCase.swift */,
				EA684AB32B9564AB00118726 /* ListenMessageUseCase.swift */,
				EA684AB52B9565C500118726 /* GetMessagesUseCase.swift */,
			);
			path = UseCase;
			sourceTree = "<group>";
		};
		EA684AB72B9567D900118726 /* App */ = {
			isa = PBXGroup;
			children = (
				EA26BDE92B9322DB00A7FD01 /* ChatApplicationApp.swift */,
			);
			path = App;
			sourceTree = "<group>";
		};
		EA684AB82B9567E900118726 /* Presentation */ = {
			isa = PBXGroup;
			children = (
				EA684ABB2B95681600118726 /* ConversationDetail */,
				EA684ABA2B95680C00118726 /* ConversationList */,
				EA684AB92B9567FC00118726 /* Login */,
			);
			path = Presentation;
			sourceTree = "<group>";
		};
		EA684AB92B9567FC00118726 /* Login */ = {
			isa = PBXGroup;
			children = (
				EA684ABC2B95685700118726 /* LoginViewModel.swift */,
				EA684AC02B95689100118726 /* LoginView.swift */,
			);
			path = Login;
			sourceTree = "<group>";
		};
		EA684ABA2B95680C00118726 /* ConversationList */ = {
			isa = PBXGroup;
			children = (
			);
			path = ConversationList;
			sourceTree = "<group>";
		};
		EA684ABB2B95681600118726 /* ConversationDetail */ = {
			isa = PBXGroup;
			children = (
			);
			path = ConversationDetail;
			sourceTree = "<group>";
		};
/* End PBXGroup section */

/* Begin PBXNativeTarget section */
		EA26BDE52B9322DB00A7FD01 /* ChatApplication */ = {
			isa = PBXNativeTarget;
			buildConfigurationList = EA26BE0A2B9322DC00A7FD01 /* Build configuration list for PBXNativeTarget "ChatApplication" */;
			buildPhases = (
				EA26BDE22B9322DB00A7FD01 /* Sources */,
				EA26BDE32B9322DB00A7FD01 /* Frameworks */,
				EA26BDE42B9322DB00A7FD01 /* Resources */,
			);
			buildRules = (
			);
			dependencies = (
			);
			name = ChatApplication;
			productName = ChatApplication;
			productReference = EA26BDE62B9322DB00A7FD01 /* ChatApplication.app */;
			productType = "com.apple.product-type.application";
		};
		EA26BDF52B9322DC00A7FD01 /* ChatApplicationTests */ = {
			isa = PBXNativeTarget;
			buildConfigurationList = EA26BE0D2B9322DC00A7FD01 /* Build configuration list for PBXNativeTarget "ChatApplicationTests" */;
			buildPhases = (
				EA26BDF22B9322DC00A7FD01 /* Sources */,
				EA26BDF32B9322DC00A7FD01 /* Frameworks */,
				EA26BDF42B9322DC00A7FD01 /* Resources */,
			);
			buildRules = (
			);
			dependencies = (
				EA26BDF82B9322DC00A7FD01 /* PBXTargetDependency */,
			);
			name = ChatApplicationTests;
			productName = ChatApplicationTests;
			productReference = EA26BDF62B9322DC00A7FD01 /* ChatApplicationTests.xctest */;
			productType = "com.apple.product-type.bundle.unit-test";
		};
		EA26BDFF2B9322DC00A7FD01 /* ChatApplicationUITests */ = {
			isa = PBXNativeTarget;
			buildConfigurationList = EA26BE102B9322DC00A7FD01 /* Build configuration list for PBXNativeTarget "ChatApplicationUITests" */;
			buildPhases = (
				EA26BDFC2B9322DC00A7FD01 /* Sources */,
				EA26BDFD2B9322DC00A7FD01 /* Frameworks */,
				EA26BDFE2B9322DC00A7FD01 /* Resources */,
			);
			buildRules = (
			);
			dependencies = (
				EA26BE022B9322DC00A7FD01 /* PBXTargetDependency */,
			);
			name = ChatApplicationUITests;
			productName = ChatApplicationUITests;
			productReference = EA26BE002B9322DC00A7FD01 /* ChatApplicationUITests.xctest */;
			productType = "com.apple.product-type.bundle.ui-testing";
		};
/* End PBXNativeTarget section */

/* Begin PBXProject section */
		EA26BDDE2B9322DB00A7FD01 /* Project object */ = {
			isa = PBXProject;
			attributes = {
				BuildIndependentTargetsInParallel = 1;
				LastSwiftUpdateCheck = 1520;
				LastUpgradeCheck = 1520;
				TargetAttributes = {
					EA26BDE52B9322DB00A7FD01 = {
						CreatedOnToolsVersion = 15.2;
					};
					EA26BDF52B9322DC00A7FD01 = {
						CreatedOnToolsVersion = 15.2;
						TestTargetID = EA26BDE52B9322DB00A7FD01;
					};
					EA26BDFF2B9322DC00A7FD01 = {
						CreatedOnToolsVersion = 15.2;
						TestTargetID = EA26BDE52B9322DB00A7FD01;
					};
				};
			};
			buildConfigurationList = EA26BDE12B9322DB00A7FD01 /* Build configuration list for PBXProject "ChatApplication" */;
			compatibilityVersion = "Xcode 14.0";
			developmentRegion = en;
			hasScannedForEncodings = 0;
			knownRegions = (
				en,
				Base,
			);
			mainGroup = EA26BDDD2B9322DB00A7FD01;
			productRefGroup = EA26BDE72B9322DB00A7FD01 /* Products */;
			projectDirPath = "";
			projectRoot = "";
			targets = (
				EA26BDE52B9322DB00A7FD01 /* ChatApplication */,
				EA26BDF52B9322DC00A7FD01 /* ChatApplicationTests */,
				EA26BDFF2B9322DC00A7FD01 /* ChatApplicationUITests */,
			);
		};
/* End PBXProject section */

/* Begin PBXResourcesBuildPhase section */
		EA26BDE42B9322DB00A7FD01 /* Resources */ = {
			isa = PBXResourcesBuildPhase;
			buildActionMask = 2147483647;
			files = (
				EA26BDF12B9322DC00A7FD01 /* Preview Assets.xcassets in Resources */,
				EA26BDEE2B9322DC00A7FD01 /* Assets.xcassets in Resources */,
			);
			runOnlyForDeploymentPostprocessing = 0;
		};
		EA26BDF42B9322DC00A7FD01 /* Resources */ = {
			isa = PBXResourcesBuildPhase;
			buildActionMask = 2147483647;
			files = (
			);
			runOnlyForDeploymentPostprocessing = 0;
		};
		EA26BDFE2B9322DC00A7FD01 /* Resources */ = {
			isa = PBXResourcesBuildPhase;
			buildActionMask = 2147483647;
			files = (
			);
			runOnlyForDeploymentPostprocessing = 0;
		};
/* End PBXResourcesBuildPhase section */

/* Begin PBXSourcesBuildPhase section */
		EA26BDE22B9322DB00A7FD01 /* Sources */ = {
			isa = PBXSourcesBuildPhase;
			buildActionMask = 2147483647;
			files = (
				EA684AB02B9562E000118726 /* JoinConversationUseCase.swift in Sources */,
				EA26BE1D2B9323DE00A7FD01 /* Conversation.swift in Sources */,
				EA684AAE2B95626400118726 /* GetConversationsUserCase.swift in Sources */,
				EA684AB22B95634E00118726 /* SendMessageUseCase.swift in Sources */,
				EA684ABD2B95685700118726 /* LoginViewModel.swift in Sources */,
				EA26BE162B93235E00A7FD01 /* AuthenticationRepository.swift in Sources */,
				EA26BDEC2B9322DB00A7FD01 /* ContentView.swift in Sources */,
				EA684AB42B9564AB00118726 /* ListenMessageUseCase.swift in Sources */,
				EA684AAA2B95602C00118726 /* AuthenticationUseCase.swift in Sources */,
				EA26BE182B93238A00A7FD01 /* ConversationRepository.swift in Sources */,
				EA684AC12B95689100118726 /* LoginView.swift in Sources */,
				EA684AB62B9565C500118726 /* GetMessagesUseCase.swift in Sources */,
				EA26BE1B2B9323B300A7FD01 /* User.swift in Sources */,
				EA26BDEA2B9322DB00A7FD01 /* ChatApplicationApp.swift in Sources */,
				EA684AAC2B95613C00118726 /* UpdateConversationDateUseCase.swift in Sources */,
				EA684AA52B9559DE00118726 /* Mesasge.swift in Sources */,
				EA5292262B95899500DC0822 /* Error.swift in Sources */,
				EA684AA72B955B7E00118726 /* MessageRepository.swift in Sources */,
			);
			runOnlyForDeploymentPostprocessing = 0;
		};
		EA26BDF22B9322DC00A7FD01 /* Sources */ = {
			isa = PBXSourcesBuildPhase;
			buildActionMask = 2147483647;
			files = (
				EA26BDFB2B9322DC00A7FD01 /* ChatApplicationTests.swift in Sources */,
			);
			runOnlyForDeploymentPostprocessing = 0;
		};
		EA26BDFC2B9322DC00A7FD01 /* Sources */ = {
			isa = PBXSourcesBuildPhase;
			buildActionMask = 2147483647;
			files = (
				EA26BE052B9322DC00A7FD01 /* ChatApplicationUITests.swift in Sources */,
				EA26BE072B9322DC00A7FD01 /* ChatApplicationUITestsLaunchTests.swift in Sources */,
			);
			runOnlyForDeploymentPostprocessing = 0;
		};
/* End PBXSourcesBuildPhase section */

/* Begin PBXTargetDependency section */
		EA26BDF82B9322DC00A7FD01 /* PBXTargetDependency */ = {
			isa = PBXTargetDependency;
			target = EA26BDE52B9322DB00A7FD01 /* ChatApplication */;
			targetProxy = EA26BDF72B9322DC00A7FD01 /* PBXContainerItemProxy */;
		};
		EA26BE022B9322DC00A7FD01 /* PBXTargetDependency */ = {
			isa = PBXTargetDependency;
			target = EA26BDE52B9322DB00A7FD01 /* ChatApplication */;
			targetProxy = EA26BE012B9322DC00A7FD01 /* PBXContainerItemProxy */;
		};
/* End PBXTargetDependency section */

/* Begin XCBuildConfiguration section */
		EA26BE082B9322DC00A7FD01 /* Debug */ = {
			isa = XCBuildConfiguration;
			buildSettings = {
				ALWAYS_SEARCH_USER_PATHS = NO;
				ASSETCATALOG_COMPILER_GENERATE_SWIFT_ASSET_SYMBOL_EXTENSIONS = YES;
				CLANG_ANALYZER_NONNULL = YES;
				CLANG_ANALYZER_NUMBER_OBJECT_CONVERSION = YES_AGGRESSIVE;
				CLANG_CXX_LANGUAGE_STANDARD = "gnu++20";
				CLANG_ENABLE_MODULES = YES;
				CLANG_ENABLE_OBJC_ARC = YES;
				CLANG_ENABLE_OBJC_WEAK = YES;
				CLANG_WARN_BLOCK_CAPTURE_AUTORELEASING = YES;
				CLANG_WARN_BOOL_CONVERSION = YES;
				CLANG_WARN_COMMA = YES;
				CLANG_WARN_CONSTANT_CONVERSION = YES;
				CLANG_WARN_DEPRECATED_OBJC_IMPLEMENTATIONS = YES;
				CLANG_WARN_DIRECT_OBJC_ISA_USAGE = YES_ERROR;
				CLANG_WARN_DOCUMENTATION_COMMENTS = YES;
				CLANG_WARN_EMPTY_BODY = YES;
				CLANG_WARN_ENUM_CONVERSION = YES;
				CLANG_WARN_INFINITE_RECURSION = YES;
				CLANG_WARN_INT_CONVERSION = YES;
				CLANG_WARN_NON_LITERAL_NULL_CONVERSION = YES;
				CLANG_WARN_OBJC_IMPLICIT_RETAIN_SELF = YES;
				CLANG_WARN_OBJC_LITERAL_CONVERSION = YES;
				CLANG_WARN_OBJC_ROOT_CLASS = YES_ERROR;
				CLANG_WARN_QUOTED_INCLUDE_IN_FRAMEWORK_HEADER = YES;
				CLANG_WARN_RANGE_LOOP_ANALYSIS = YES;
				CLANG_WARN_STRICT_PROTOTYPES = YES;
				CLANG_WARN_SUSPICIOUS_MOVE = YES;
				CLANG_WARN_UNGUARDED_AVAILABILITY = YES_AGGRESSIVE;
				CLANG_WARN_UNREACHABLE_CODE = YES;
				CLANG_WARN__DUPLICATE_METHOD_MATCH = YES;
				COPY_PHASE_STRIP = NO;
				DEBUG_INFORMATION_FORMAT = dwarf;
				ENABLE_STRICT_OBJC_MSGSEND = YES;
				ENABLE_TESTABILITY = YES;
				ENABLE_USER_SCRIPT_SANDBOXING = YES;
				GCC_C_LANGUAGE_STANDARD = gnu17;
				GCC_DYNAMIC_NO_PIC = NO;
				GCC_NO_COMMON_BLOCKS = YES;
				GCC_OPTIMIZATION_LEVEL = 0;
				GCC_PREPROCESSOR_DEFINITIONS = (
					"DEBUG=1",
					"$(inherited)",
				);
				GCC_WARN_64_TO_32_BIT_CONVERSION = YES;
				GCC_WARN_ABOUT_RETURN_TYPE = YES_ERROR;
				GCC_WARN_UNDECLARED_SELECTOR = YES;
				GCC_WARN_UNINITIALIZED_AUTOS = YES_AGGRESSIVE;
				GCC_WARN_UNUSED_FUNCTION = YES;
				GCC_WARN_UNUSED_VARIABLE = YES;
				IPHONEOS_DEPLOYMENT_TARGET = 17.2;
				LOCALIZATION_PREFERS_STRING_CATALOGS = YES;
				MTL_ENABLE_DEBUG_INFO = INCLUDE_SOURCE;
				MTL_FAST_MATH = YES;
				ONLY_ACTIVE_ARCH = YES;
				SDKROOT = iphoneos;
				SWIFT_ACTIVE_COMPILATION_CONDITIONS = "DEBUG $(inherited)";
				SWIFT_OPTIMIZATION_LEVEL = "-Onone";
			};
			name = Debug;
		};
		EA26BE092B9322DC00A7FD01 /* Release */ = {
			isa = XCBuildConfiguration;
			buildSettings = {
				ALWAYS_SEARCH_USER_PATHS = NO;
				ASSETCATALOG_COMPILER_GENERATE_SWIFT_ASSET_SYMBOL_EXTENSIONS = YES;
				CLANG_ANALYZER_NONNULL = YES;
				CLANG_ANALYZER_NUMBER_OBJECT_CONVERSION = YES_AGGRESSIVE;
				CLANG_CXX_LANGUAGE_STANDARD = "gnu++20";
				CLANG_ENABLE_MODULES = YES;
				CLANG_ENABLE_OBJC_ARC = YES;
				CLANG_ENABLE_OBJC_WEAK = YES;
				CLANG_WARN_BLOCK_CAPTURE_AUTORELEASING = YES;
				CLANG_WARN_BOOL_CONVERSION = YES;
				CLANG_WARN_COMMA = YES;
				CLANG_WARN_CONSTANT_CONVERSION = YES;
				CLANG_WARN_DEPRECATED_OBJC_IMPLEMENTATIONS = YES;
				CLANG_WARN_DIRECT_OBJC_ISA_USAGE = YES_ERROR;
				CLANG_WARN_DOCUMENTATION_COMMENTS = YES;
				CLANG_WARN_EMPTY_BODY = YES;
				CLANG_WARN_ENUM_CONVERSION = YES;
				CLANG_WARN_INFINITE_RECURSION = YES;
				CLANG_WARN_INT_CONVERSION = YES;
				CLANG_WARN_NON_LITERAL_NULL_CONVERSION = YES;
				CLANG_WARN_OBJC_IMPLICIT_RETAIN_SELF = YES;
				CLANG_WARN_OBJC_LITERAL_CONVERSION = YES;
				CLANG_WARN_OBJC_ROOT_CLASS = YES_ERROR;
				CLANG_WARN_QUOTED_INCLUDE_IN_FRAMEWORK_HEADER = YES;
				CLANG_WARN_RANGE_LOOP_ANALYSIS = YES;
				CLANG_WARN_STRICT_PROTOTYPES = YES;
				CLANG_WARN_SUSPICIOUS_MOVE = YES;
				CLANG_WARN_UNGUARDED_AVAILABILITY = YES_AGGRESSIVE;
				CLANG_WARN_UNREACHABLE_CODE = YES;
				CLANG_WARN__DUPLICATE_METHOD_MATCH = YES;
				COPY_PHASE_STRIP = NO;
				DEBUG_INFORMATION_FORMAT = "dwarf-with-dsym";
				ENABLE_NS_ASSERTIONS = NO;
				ENABLE_STRICT_OBJC_MSGSEND = YES;
				ENABLE_USER_SCRIPT_SANDBOXING = YES;
				GCC_C_LANGUAGE_STANDARD = gnu17;
				GCC_NO_COMMON_BLOCKS = YES;
				GCC_WARN_64_TO_32_BIT_CONVERSION = YES;
				GCC_WARN_ABOUT_RETURN_TYPE = YES_ERROR;
				GCC_WARN_UNDECLARED_SELECTOR = YES;
				GCC_WARN_UNINITIALIZED_AUTOS = YES_AGGRESSIVE;
				GCC_WARN_UNUSED_FUNCTION = YES;
				GCC_WARN_UNUSED_VARIABLE = YES;
				IPHONEOS_DEPLOYMENT_TARGET = 17.2;
				LOCALIZATION_PREFERS_STRING_CATALOGS = YES;
				MTL_ENABLE_DEBUG_INFO = NO;
				MTL_FAST_MATH = YES;
				SDKROOT = iphoneos;
				SWIFT_COMPILATION_MODE = wholemodule;
				VALIDATE_PRODUCT = YES;
			};
			name = Release;
		};
		EA26BE0B2B9322DC00A7FD01 /* Debug */ = {
			isa = XCBuildConfiguration;
			buildSettings = {
				ASSETCATALOG_COMPILER_APPICON_NAME = AppIcon;
				ASSETCATALOG_COMPILER_GLOBAL_ACCENT_COLOR_NAME = AccentColor;
				CODE_SIGN_STYLE = Automatic;
				CURRENT_PROJECT_VERSION = 1;
				DEVELOPMENT_ASSET_PATHS = "\"ChatApplication/Preview Content\"";
				ENABLE_PREVIEWS = YES;
				GENERATE_INFOPLIST_FILE = YES;
				INFOPLIST_KEY_UIApplicationSceneManifest_Generation = YES;
				INFOPLIST_KEY_UIApplicationSupportsIndirectInputEvents = YES;
				INFOPLIST_KEY_UILaunchScreen_Generation = YES;
				INFOPLIST_KEY_UISupportedInterfaceOrientations_iPad = "UIInterfaceOrientationPortrait UIInterfaceOrientationPortraitUpsideDown UIInterfaceOrientationLandscapeLeft UIInterfaceOrientationLandscapeRight";
				INFOPLIST_KEY_UISupportedInterfaceOrientations_iPhone = "UIInterfaceOrientationPortrait UIInterfaceOrientationLandscapeLeft UIInterfaceOrientationLandscapeRight";
				LD_RUNPATH_SEARCH_PATHS = (
					"$(inherited)",
					"@executable_path/Frameworks",
				);
				MARKETING_VERSION = 1.0;
				PRODUCT_BUNDLE_IDENTIFIER = phukieu.ChatApplication;
				PRODUCT_NAME = "$(TARGET_NAME)";
				SWIFT_EMIT_LOC_STRINGS = YES;
				SWIFT_VERSION = 5.0;
				TARGETED_DEVICE_FAMILY = "1,2";
			};
			name = Debug;
		};
		EA26BE0C2B9322DC00A7FD01 /* Release */ = {
			isa = XCBuildConfiguration;
			buildSettings = {
				ASSETCATALOG_COMPILER_APPICON_NAME = AppIcon;
				ASSETCATALOG_COMPILER_GLOBAL_ACCENT_COLOR_NAME = AccentColor;
				CODE_SIGN_STYLE = Automatic;
				CURRENT_PROJECT_VERSION = 1;
				DEVELOPMENT_ASSET_PATHS = "\"ChatApplication/Preview Content\"";
				ENABLE_PREVIEWS = YES;
				GENERATE_INFOPLIST_FILE = YES;
				INFOPLIST_KEY_UIApplicationSceneManifest_Generation = YES;
				INFOPLIST_KEY_UIApplicationSupportsIndirectInputEvents = YES;
				INFOPLIST_KEY_UILaunchScreen_Generation = YES;
				INFOPLIST_KEY_UISupportedInterfaceOrientations_iPad = "UIInterfaceOrientationPortrait UIInterfaceOrientationPortraitUpsideDown UIInterfaceOrientationLandscapeLeft UIInterfaceOrientationLandscapeRight";
				INFOPLIST_KEY_UISupportedInterfaceOrientations_iPhone = "UIInterfaceOrientationPortrait UIInterfaceOrientationLandscapeLeft UIInterfaceOrientationLandscapeRight";
				LD_RUNPATH_SEARCH_PATHS = (
					"$(inherited)",
					"@executable_path/Frameworks",
				);
				MARKETING_VERSION = 1.0;
				PRODUCT_BUNDLE_IDENTIFIER = phukieu.ChatApplication;
				PRODUCT_NAME = "$(TARGET_NAME)";
				SWIFT_EMIT_LOC_STRINGS = YES;
				SWIFT_VERSION = 5.0;
				TARGETED_DEVICE_FAMILY = "1,2";
			};
			name = Release;
		};
		EA26BE0E2B9322DC00A7FD01 /* Debug */ = {
			isa = XCBuildConfiguration;
			buildSettings = {
				ALWAYS_EMBED_SWIFT_STANDARD_LIBRARIES = YES;
				BUNDLE_LOADER = "$(TEST_HOST)";
				CODE_SIGN_STYLE = Automatic;
				CURRENT_PROJECT_VERSION = 1;
				GENERATE_INFOPLIST_FILE = YES;
				IPHONEOS_DEPLOYMENT_TARGET = 17.2;
				MARKETING_VERSION = 1.0;
				PRODUCT_BUNDLE_IDENTIFIER = phukieu.ChatApplicationTests;
				PRODUCT_NAME = "$(TARGET_NAME)";
				SWIFT_EMIT_LOC_STRINGS = NO;
				SWIFT_VERSION = 5.0;
				TARGETED_DEVICE_FAMILY = "1,2";
				TEST_HOST = "$(BUILT_PRODUCTS_DIR)/ChatApplication.app/$(BUNDLE_EXECUTABLE_FOLDER_PATH)/ChatApplication";
			};
			name = Debug;
		};
		EA26BE0F2B9322DC00A7FD01 /* Release */ = {
			isa = XCBuildConfiguration;
			buildSettings = {
				ALWAYS_EMBED_SWIFT_STANDARD_LIBRARIES = YES;
				BUNDLE_LOADER = "$(TEST_HOST)";
				CODE_SIGN_STYLE = Automatic;
				CURRENT_PROJECT_VERSION = 1;
				GENERATE_INFOPLIST_FILE = YES;
				IPHONEOS_DEPLOYMENT_TARGET = 17.2;
				MARKETING_VERSION = 1.0;
				PRODUCT_BUNDLE_IDENTIFIER = phukieu.ChatApplicationTests;
				PRODUCT_NAME = "$(TARGET_NAME)";
				SWIFT_EMIT_LOC_STRINGS = NO;
				SWIFT_VERSION = 5.0;
				TARGETED_DEVICE_FAMILY = "1,2";
				TEST_HOST = "$(BUILT_PRODUCTS_DIR)/ChatApplication.app/$(BUNDLE_EXECUTABLE_FOLDER_PATH)/ChatApplication";
			};
			name = Release;
		};
		EA26BE112B9322DC00A7FD01 /* Debug */ = {
			isa = XCBuildConfiguration;
			buildSettings = {
				ALWAYS_EMBED_SWIFT_STANDARD_LIBRARIES = YES;
				CODE_SIGN_STYLE = Automatic;
				CURRENT_PROJECT_VERSION = 1;
				GENERATE_INFOPLIST_FILE = YES;
				MARKETING_VERSION = 1.0;
				PRODUCT_BUNDLE_IDENTIFIER = phukieu.ChatApplicationUITests;
				PRODUCT_NAME = "$(TARGET_NAME)";
				SWIFT_EMIT_LOC_STRINGS = NO;
				SWIFT_VERSION = 5.0;
				TARGETED_DEVICE_FAMILY = "1,2";
				TEST_TARGET_NAME = ChatApplication;
			};
			name = Debug;
		};
		EA26BE122B9322DC00A7FD01 /* Release */ = {
			isa = XCBuildConfiguration;
			buildSettings = {
				ALWAYS_EMBED_SWIFT_STANDARD_LIBRARIES = YES;
				CODE_SIGN_STYLE = Automatic;
				CURRENT_PROJECT_VERSION = 1;
				GENERATE_INFOPLIST_FILE = YES;
				MARKETING_VERSION = 1.0;
				PRODUCT_BUNDLE_IDENTIFIER = phukieu.ChatApplicationUITests;
				PRODUCT_NAME = "$(TARGET_NAME)";
				SWIFT_EMIT_LOC_STRINGS = NO;
				SWIFT_VERSION = 5.0;
				TARGETED_DEVICE_FAMILY = "1,2";
				TEST_TARGET_NAME = ChatApplication;
			};
			name = Release;
		};
/* End XCBuildConfiguration section */

/* Begin XCConfigurationList section */
		EA26BDE12B9322DB00A7FD01 /* Build configuration list for PBXProject "ChatApplication" */ = {
			isa = XCConfigurationList;
			buildConfigurations = (
				EA26BE082B9322DC00A7FD01 /* Debug */,
				EA26BE092B9322DC00A7FD01 /* Release */,
			);
			defaultConfigurationIsVisible = 0;
			defaultConfigurationName = Release;
		};
		EA26BE0A2B9322DC00A7FD01 /* Build configuration list for PBXNativeTarget "ChatApplication" */ = {
			isa = XCConfigurationList;
			buildConfigurations = (
				EA26BE0B2B9322DC00A7FD01 /* Debug */,
				EA26BE0C2B9322DC00A7FD01 /* Release */,
			);
			defaultConfigurationIsVisible = 0;
			defaultConfigurationName = Release;
		};
		EA26BE0D2B9322DC00A7FD01 /* Build configuration list for PBXNativeTarget "ChatApplicationTests" */ = {
			isa = XCConfigurationList;
			buildConfigurations = (
				EA26BE0E2B9322DC00A7FD01 /* Debug */,
				EA26BE0F2B9322DC00A7FD01 /* Release */,
			);
			defaultConfigurationIsVisible = 0;
			defaultConfigurationName = Release;
		};
		EA26BE102B9322DC00A7FD01 /* Build configuration list for PBXNativeTarget "ChatApplicationUITests" */ = {
			isa = XCConfigurationList;
			buildConfigurations = (
				EA26BE112B9322DC00A7FD01 /* Debug */,
				EA26BE122B9322DC00A7FD01 /* Release */,
			);
			defaultConfigurationIsVisible = 0;
			defaultConfigurationName = Release;
		};
/* End XCConfigurationList section */
	};
	rootObject = EA26BDDE2B9322DB00A7FD01 /* Project object */;
}
